
Microsoft Visual Studio Solution File, Format Version 12.00
# Visual Studio Version 17
VisualStudioVersion = 17.14.36301.6 d17.14
MinimumVisualStudioVersion = 10.0.40219.1
Project("{FAE04EC0-301F-11D3-BF4B-00C04F79EFBC}") = "App01", "App01\App01.csproj", "{EEBC0BE7-5BE8-4F62-ABC4-A377F8AB12CD}"
EndProject
Global
	GlobalSection(SolutionConfigurationPlatforms) = preSolution
		Debug|Any CPU = Debug|Any CPU
		Release|Any CPU = Release|Any CPU
	EndGlobalSection
	GlobalSection(ProjectConfigurationPlatforms) = postSolution
		{EEBC0BE7-5BE8-4F62-ABC4-A377F8AB12CD}.Debug|Any CPU.ActiveCfg = Debug|Any CPU
		{EEBC0BE7-5BE8-4F62-ABC4-A377F8AB12CD}.Debug|Any CPU.Build.0 = Debug|Any CPU
		{EEBC0BE7-5BE8-4F62-ABC4-A377F8AB12CD}.Release|Any CPU.ActiveCfg = Release|Any CPU
		{EEBC0BE7-5BE8-4F62-ABC4-A377F8AB12CD}.Release|Any CPU.Build.0 = Release|Any CPU
	EndGlobalSection
	GlobalSection(SolutionProperties) = preSolution
		HideSolutionNode = FALSE
	EndGlobalSection
	GlobalSection(ExtensibilityGlobals) = postSolution
		SolutionGuid = {C49EDD8D-E1A4-4150-BF46-6CF2423E465B}
	EndGlobalSection
EndGlobal
